
Microsoft Visual Studio Solution File, Format Version 12.00
# Visual Studio Version 17
VisualStudioVersion = 17.13.35931.197
MinimumVisualStudioVersion = 10.0.40219.1
Project("{FAE04EC0-301F-11D3-BF4B-00C04F79EFBC}") = "ExamTwo", "ExamTwo\ExamTwo.csproj", "{070C073B-9B3E-4881-808C-5BB15C704575}"
EndProject
Project("{FAE04EC0-301F-11D3-BF4B-00C04F79EFBC}") = "ExamTwo.Tests", "ExamTwo.Tests\ExamTwo.Tests.csproj", "{8AE4A749-8684-4B8C-B1A2-EB394B1D4E62}"
EndProject
Project("{54A90642-561A-4BB1-A94E-469ADEE60C69}") = "CoffeeMachineApp", "CoffeeMachineApp\CoffeeMachineApp.esproj", "{22BD8DAF-A003-A761-DD9E-C737CC10F342}"
EndProject
Global
	GlobalSection(SolutionConfigurationPlatforms) = preSolution
		Debug|Any CPU = Debug|Any CPU
		Release|Any CPU = Release|Any CPU
	EndGlobalSection
	GlobalSection(ProjectConfigurationPlatforms) = postSolution
		{070C073B-9B3E-4881-808C-5BB15C704575}.Debug|Any CPU.ActiveCfg = Debug|Any CPU
		{070C073B-9B3E-4881-808C-5BB15C704575}.Debug|Any CPU.Build.0 = Debug|Any CPU
		{070C073B-9B3E-4881-808C-5BB15C704575}.Release|Any CPU.ActiveCfg = Release|Any CPU
		{070C073B-9B3E-4881-808C-5BB15C704575}.Release|Any CPU.Build.0 = Release|Any CPU
		{8AE4A749-8684-4B8C-B1A2-EB394B1D4E62}.Debug|Any CPU.ActiveCfg = Debug|Any CPU
		{8AE4A749-8684-4B8C-B1A2-EB394B1D4E62}.Debug|Any CPU.Build.0 = Debug|Any CPU
		{8AE4A749-8684-4B8C-B1A2-EB394B1D4E62}.Release|Any CPU.ActiveCfg = Release|Any CPU
		{8AE4A749-8684-4B8C-B1A2-EB394B1D4E62}.Release|Any CPU.Build.0 = Release|Any CPU
		{22BD8DAF-A003-A761-DD9E-C737CC10F342}.Debug|Any CPU.ActiveCfg = Debug|Any CPU
		{22BD8DAF-A003-A761-DD9E-C737CC10F342}.Debug|Any CPU.Build.0 = Debug|Any CPU
		{22BD8DAF-A003-A761-DD9E-C737CC10F342}.Debug|Any CPU.Deploy.0 = Debug|Any CPU
		{22BD8DAF-A003-A761-DD9E-C737CC10F342}.Release|Any CPU.ActiveCfg = Release|Any CPU
		{22BD8DAF-A003-A761-DD9E-C737CC10F342}.Release|Any CPU.Build.0 = Release|Any CPU
		{22BD8DAF-A003-A761-DD9E-C737CC10F342}.Release|Any CPU.Deploy.0 = Release|Any CPU
	EndGlobalSection
	GlobalSection(SolutionProperties) = preSolution
		HideSolutionNode = FALSE
	EndGlobalSection
	GlobalSection(ExtensibilityGlobals) = postSolution
		SolutionGuid = {5BA7E6C4-6D03-4EB2-B0C4-2FB9F01CA4EF}
	EndGlobalSection
EndGlobal
